// !$*UTF8*$!
{
	archiveVersion = 1;
	classes = {
	};
	objectVersion = 50;
	objects = {

/* Begin PBXBuildFile section */
		64E8DBCD20EB553300F5B9BA /* AppDelegate.swift in Sources */ = {isa = PBXBuildFile; fileRef = 64E8DBCC20EB553300F5B9BA /* AppDelegate.swift */; };
		64E8DBD420EB553500F5B9BA /* Assets.xcassets in Resources */ = {isa = PBXBuildFile; fileRef = 64E8DBD320EB553500F5B9BA /* Assets.xcassets */; };
		64E8DBD720EB553500F5B9BA /* LaunchScreen.storyboard in Resources */ = {isa = PBXBuildFile; fileRef = 64E8DBD520EB553500F5B9BA /* LaunchScreen.storyboard */; };
		64E8DBE220EB553600F5B9BA /* CoreMLSampleTests.swift in Sources */ = {isa = PBXBuildFile; fileRef = 64E8DBE120EB553600F5B9BA /* CoreMLSampleTests.swift */; };
		64E8DBED20EB553600F5B9BA /* CoreMLSampleUITests.swift in Sources */ = {isa = PBXBuildFile; fileRef = 64E8DBEC20EB553600F5B9BA /* CoreMLSampleUITests.swift */; };
/* End PBXBuildFile section */

/* Begin PBXContainerItemProxy section */
		64E8DBDE20EB553600F5B9BA /* PBXContainerItemProxy */ = {
			isa = PBXContainerItemProxy;
			containerPortal = 64E8DBC120EB553300F5B9BA /* Project object */;
			proxyType = 1;
			remoteGlobalIDString = 64E8DBC820EB553300F5B9BA;
			remoteInfo = CoreMLSample;
		};
		64E8DBE920EB553600F5B9BA /* PBXContainerItemProxy */ = {
			isa = PBXContainerItemProxy;
			containerPortal = 64E8DBC120EB553300F5B9BA /* Project object */;
			proxyType = 1;
			remoteGlobalIDString = 64E8DBC820EB553300F5B9BA;
			remoteInfo = CoreMLSample;
		};
/* End PBXContainerItemProxy section */

/* Begin PBXFileReference section */
		64E8DBC920EB553300F5B9BA /* CoreMLSample.app */ = {isa = PBXFileReference; explicitFileType = wrapper.application; includeInIndex = 0; path = CoreMLSample.app; sourceTree = BUILT_PRODUCTS_DIR; };
		64E8DBCC20EB553300F5B9BA /* AppDelegate.swift */ = {isa = PBXFileReference; lastKnownFileType = sourcecode.swift; path = AppDelegate.swift; sourceTree = "<group>"; };
		64E8DBD320EB553500F5B9BA /* Assets.xcassets */ = {isa = PBXFileReference; lastKnownFileType = folder.assetcatalog; path = Assets.xcassets; sourceTree = "<group>"; };
		64E8DBD620EB553500F5B9BA /* Base */ = {isa = PBXFileReference; lastKnownFileType = file.storyboard; name = Base; path = Base.lproj/LaunchScreen.storyboard; sourceTree = "<group>"; };
		64E8DBD820EB553600F5B9BA /* Info.plist */ = {isa = PBXFileReference; lastKnownFileType = text.plist.xml; path = Info.plist; sourceTree = "<group>"; };
		64E8DBDD20EB553600F5B9BA /* CoreMLSampleTests.xctest */ = {isa = PBXFileReference; explicitFileType = wrapper.cfbundle; includeInIndex = 0; path = CoreMLSampleTests.xctest; sourceTree = BUILT_PRODUCTS_DIR; };
		64E8DBE120EB553600F5B9BA /* CoreMLSampleTests.swift */ = {isa = PBXFileReference; lastKnownFileType = sourcecode.swift; path = CoreMLSampleTests.swift; sourceTree = "<group>"; };
		64E8DBE320EB553600F5B9BA /* Info.plist */ = {isa = PBXFileReference; lastKnownFileType = text.plist.xml; path = Info.plist; sourceTree = "<group>"; };
		64E8DBE820EB553600F5B9BA /* CoreMLSampleUITests.xctest */ = {isa = PBXFileReference; explicitFileType = wrapper.cfbundle; includeInIndex = 0; path = CoreMLSampleUITests.xctest; sourceTree = BUILT_PRODUCTS_DIR; };
		64E8DBEC20EB553600F5B9BA /* CoreMLSampleUITests.swift */ = {isa = PBXFileReference; lastKnownFileType = sourcecode.swift; path = CoreMLSampleUITests.swift; sourceTree = "<group>"; };
		64E8DBEE20EB553600F5B9BA /* Info.plist */ = {isa = PBXFileReference; lastKnownFileType = text.plist.xml; path = Info.plist; sourceTree = "<group>"; };
/* End PBXFileReference section */

/* Begin PBXFrameworksBuildPhase section */
		64E8DBC620EB553300F5B9BA /* Frameworks */ = {
			isa = PBXFrameworksBuildPhase;
			buildActionMask = 2147483647;
			files = (
			);
			runOnlyForDeploymentPostprocessing = 0;
		};
		64E8DBDA20EB553600F5B9BA /* Frameworks */ = {
			isa = PBXFrameworksBuildPhase;
			buildActionMask = 2147483647;
			files = (
			);
			runOnlyForDeploymentPostprocessing = 0;
		};
		64E8DBE520EB553600F5B9BA /* Frameworks */ = {
			isa = PBXFrameworksBuildPhase;
			buildActionMask = 2147483647;
			files = (
			);
			runOnlyForDeploymentPostprocessing = 0;
		};
/* End PBXFrameworksBuildPhase section */

/* Begin PBXGroup section */
		64E8DBC020EB553300F5B9BA = {
			isa = PBXGroup;
			children = (
				64E8DBCB20EB553300F5B9BA /* CoreMLSample */,
				64E8DBE020EB553600F5B9BA /* CoreMLSampleTests */,
				64E8DBEB20EB553600F5B9BA /* CoreMLSampleUITests */,
				64E8DBCA20EB553300F5B9BA /* Products */,
			);
			sourceTree = "<group>";
		};
		64E8DBCA20EB553300F5B9BA /* Products */ = {
			isa = PBXGroup;
			children = (
				64E8DBC920EB553300F5B9BA /* CoreMLSample.app */,
				64E8DBDD20EB553600F5B9BA /* CoreMLSampleTests.xctest */,
				64E8DBE820EB553600F5B9BA /* CoreMLSampleUITests.xctest */,
			);
			name = Products;
			sourceTree = "<group>";
		};
		64E8DBCB20EB553300F5B9BA /* CoreMLSample */ = {
			isa = PBXGroup;
			children = (
				64E8DBCC20EB553300F5B9BA /* AppDelegate.swift */,
				64E8DBD320EB553500F5B9BA /* Assets.xcassets */,
				64E8DBD520EB553500F5B9BA /* LaunchScreen.storyboard */,
				64E8DBD820EB553600F5B9BA /* Info.plist */,
			);
			path = CoreMLSample;
			sourceTree = "<group>";
		};
		64E8DBE020EB553600F5B9BA /* CoreMLSampleTests */ = {
			isa = PBXGroup;
			children = (
				64E8DBE120EB553600F5B9BA /* CoreMLSampleTests.swift */,
				64E8DBE320EB553600F5B9BA /* Info.plist */,
			);
			path = CoreMLSampleTests;
			sourceTree = "<group>";
		};
		64E8DBEB20EB553600F5B9BA /* CoreMLSampleUITests */ = {
			isa = PBXGroup;
			children = (
				64E8DBEC20EB553600F5B9BA /* CoreMLSampleUITests.swift */,
				64E8DBEE20EB553600F5B9BA /* Info.plist */,
			);
			path = CoreMLSampleUITests;
			sourceTree = "<group>";
		};
/* End PBXGroup section */

/* Begin PBXNativeTarget section */
		64E8DBC820EB553300F5B9BA /* CoreMLSample */ = {
			isa = PBXNativeTarget;
			buildConfigurationList = 64E8DBF120EB553600F5B9BA /* Build configuration list for PBXNativeTarget "CoreMLSample" */;
			buildPhases = (
				64E8DBC520EB553300F5B9BA /* Sources */,
				64E8DBC620EB553300F5B9BA /* Frameworks */,
				64E8DBC720EB553300F5B9BA /* Resources */,
			);
			buildRules = (
			);
			dependencies = (
			);
			name = CoreMLSample;
			productName = CoreMLSample;
			productReference = 64E8DBC920EB553300F5B9BA /* CoreMLSample.app */;
			productType = "com.apple.product-type.application";
		};
		64E8DBDC20EB553600F5B9BA /* CoreMLSampleTests */ = {
			isa = PBXNativeTarget;
			buildConfigurationList = 64E8DBF420EB553600F5B9BA /* Build configuration list for PBXNativeTarget "CoreMLSampleTests" */;
			buildPhases = (
				64E8DBD920EB553600F5B9BA /* Sources */,
				64E8DBDA20EB553600F5B9BA /* Frameworks */,
				64E8DBDB20EB553600F5B9BA /* Resources */,
			);
			buildRules = (
			);
			dependencies = (
				64E8DBDF20EB553600F5B9BA /* PBXTargetDependency */,
			);
			name = CoreMLSampleTests;
			productName = CoreMLSampleTests;
			productReference = 64E8DBDD20EB553600F5B9BA /* CoreMLSampleTests.xctest */;
			productType = "com.apple.product-type.bundle.unit-test";
		};
		64E8DBE720EB553600F5B9BA /* CoreMLSampleUITests */ = {
			isa = PBXNativeTarget;
			buildConfigurationList = 64E8DBF720EB553600F5B9BA /* Build configuration list for PBXNativeTarget "CoreMLSampleUITests" */;
			buildPhases = (
				64E8DBE420EB553600F5B9BA /* Sources */,
				64E8DBE520EB553600F5B9BA /* Frameworks */,
				64E8DBE620EB553600F5B9BA /* Resources */,
			);
			buildRules = (
			);
			dependencies = (
				64E8DBEA20EB553600F5B9BA /* PBXTargetDependency */,
			);
			name = CoreMLSampleUITests;
			productName = CoreMLSampleUITests;
			productReference = 64E8DBE820EB553600F5B9BA /* CoreMLSampleUITests.xctest */;
			productType = "com.apple.product-type.bundle.ui-testing";
		};
/* End PBXNativeTarget section */

/* Begin PBXProject section */
		64E8DBC120EB553300F5B9BA /* Project object */ = {
			isa = PBXProject;
			attributes = {
				LastSwiftUpdateCheck = 0940;
				LastUpgradeCheck = 0940;
				ORGANIZATIONNAME = Hacarus;
				TargetAttributes = {
					64E8DBC820EB553300F5B9BA = {
						CreatedOnToolsVersion = 9.4.1;
					};
					64E8DBDC20EB553600F5B9BA = {
						CreatedOnToolsVersion = 9.4.1;
						TestTargetID = 64E8DBC820EB553300F5B9BA;
					};
					64E8DBE720EB553600F5B9BA = {
						CreatedOnToolsVersion = 9.4.1;
						TestTargetID = 64E8DBC820EB553300F5B9BA;
					};
				};
			};
			buildConfigurationList = 64E8DBC420EB553300F5B9BA /* Build configuration list for PBXProject "CoreMLSample" */;
			compatibilityVersion = "Xcode 9.3";
			developmentRegion = en;
			hasScannedForEncodings = 0;
			knownRegions = (
				en,
				Base,
			);
			mainGroup = 64E8DBC020EB553300F5B9BA;
			productRefGroup = 64E8DBCA20EB553300F5B9BA /* Products */;
			projectDirPath = "";
			projectRoot = "";
			targets = (
				64E8DBC820EB553300F5B9BA /* CoreMLSample */,
				64E8DBDC20EB553600F5B9BA /* CoreMLSampleTests */,
				64E8DBE720EB553600F5B9BA /* CoreMLSampleUITests */,
			);
		};
/* End PBXProject section */

/* Begin PBXResourcesBuildPhase section */
		64E8DBC720EB553300F5B9BA /* Resources */ = {
			isa = PBXResourcesBuildPhase;
			buildActionMask = 2147483647;
			files = (
				64E8DBD720EB553500F5B9BA /* LaunchScreen.storyboard in Resources */,
				64E8DBD420EB553500F5B9BA /* Assets.xcassets in Resources */,
			);
			runOnlyForDeploymentPostprocessing = 0;
		};
		64E8DBDB20EB553600F5B9BA /* Resources */ = {
			isa = PBXResourcesBuildPhase;
			buildActionMask = 2147483647;
			files = (
			);
			runOnlyForDeploymentPostprocessing = 0;
		};
		64E8DBE620EB553600F5B9BA /* Resources */ = {
			isa = PBXResourcesBuildPhase;
			buildActionMask = 2147483647;
			files = (
			);
			runOnlyForDeploymentPostprocessing = 0;
		};
/* End PBXResourcesBuildPhase section */

/* Begin PBXSourcesBuildPhase section */
		64E8DBC520EB553300F5B9BA /* Sources */ = {
			isa = PBXSourcesBuildPhase;
			buildActionMask = 2147483647;
			files = (
				64E8DBCD20EB553300F5B9BA /* AppDelegate.swift in Sources */,
			);
			runOnlyForDeploymentPostprocessing = 0;
		};
		64E8DBD920EB553600F5B9BA /* Sources */ = {
			isa = PBXSourcesBuildPhase;
			buildActionMask = 2147483647;
			files = (
				64E8DBE220EB553600F5B9BA /* CoreMLSampleTests.swift in Sources */,
			);
			runOnlyForDeploymentPostprocessing = 0;
		};
		64E8DBE420EB553600F5B9BA /* Sources */ = {
			isa = PBXSourcesBuildPhase;
			buildActionMask = 2147483647;
			files = (
				64E8DBED20EB553600F5B9BA /* CoreMLSampleUITests.swift in Sources */,
			);
			runOnlyForDeploymentPostprocessing = 0;
		};
/* End PBXSourcesBuildPhase section */

/* Begin PBXTargetDependency section */
		64E8DBDF20EB553600F5B9BA /* PBXTargetDependency */ = {
			isa = PBXTargetDependency;
			target = 64E8DBC820EB553300F5B9BA /* CoreMLSample */;
			targetProxy = 64E8DBDE20EB553600F5B9BA /* PBXContainerItemProxy */;
		};
		64E8DBEA20EB553600F5B9BA /* PBXTargetDependency */ = {
			isa = PBXTargetDependency;
			target = 64E8DBC820EB553300F5B9BA /* CoreMLSample */;
			targetProxy = 64E8DBE920EB553600F5B9BA /* PBXContainerItemProxy */;
		};
/* End PBXTargetDependency section */

/* Begin PBXVariantGroup section */
		64E8DBD520EB553500F5B9BA /* LaunchScreen.storyboard */ = {
			isa = PBXVariantGroup;
			children = (
				64E8DBD620EB553500F5B9BA /* Base */,
			);
			name = LaunchScreen.storyboard;
			sourceTree = "<group>";
		};
/* End PBXVariantGroup section */

/* Begin XCBuildConfiguration section */
		64E8DBEF20EB553600F5B9BA /* Debug */ = {
			isa = XCBuildConfiguration;
			buildSettings = {
				ALWAYS_SEARCH_USER_PATHS = NO;
				CLANG_ANALYZER_NONNULL = YES;
				CLANG_ANALYZER_NUMBER_OBJECT_CONVERSION = YES_AGGRESSIVE;
				CLANG_CXX_LANGUAGE_STANDARD = "gnu++14";
				CLANG_CXX_LIBRARY = "libc++";
				CLANG_ENABLE_MODULES = YES;
				CLANG_ENABLE_OBJC_ARC = YES;
				CLANG_ENABLE_OBJC_WEAK = YES;
				CLANG_WARN_BLOCK_CAPTURE_AUTORELEASING = YES;
				CLANG_WARN_BOOL_CONVERSION = YES;
				CLANG_WARN_COMMA = YES;
				CLANG_WARN_CONSTANT_CONVERSION = YES;
				CLANG_WARN_DEPRECATED_OBJC_IMPLEMENTATIONS = YES;
				CLANG_WARN_DIRECT_OBJC_ISA_USAGE = YES_ERROR;
				CLANG_WARN_DOCUMENTATION_COMMENTS = YES;
				CLANG_WARN_EMPTY_BODY = YES;
				CLANG_WARN_ENUM_CONVERSION = YES;
				CLANG_WARN_INFINITE_RECURSION = YES;
				CLANG_WARN_INT_CONVERSION = YES;
				CLANG_WARN_NON_LITERAL_NULL_CONVERSION = YES;
				CLANG_WARN_OBJC_IMPLICIT_RETAIN_SELF = YES;
				CLANG_WARN_OBJC_LITERAL_CONVERSION = YES;
				CLANG_WARN_OBJC_ROOT_CLASS = YES_ERROR;
				CLANG_WARN_RANGE_LOOP_ANALYSIS = YES;
				CLANG_WARN_STRICT_PROTOTYPES = YES;
				CLANG_WARN_SUSPICIOUS_MOVE = YES;
				CLANG_WARN_UNGUARDED_AVAILABILITY = YES_AGGRESSIVE;
				CLANG_WARN_UNREACHABLE_CODE = YES;
				CLANG_WARN__DUPLICATE_METHOD_MATCH = YES;
				CODE_SIGN_IDENTITY = "iPhone Developer";
				COPY_PHASE_STRIP = NO;
				DEBUG_INFORMATION_FORMAT = dwarf;
				ENABLE_STRICT_OBJC_MSGSEND = YES;
				ENABLE_TESTABILITY = YES;
				GCC_C_LANGUAGE_STANDARD = gnu11;
				GCC_DYNAMIC_NO_PIC = NO;
				GCC_NO_COMMON_BLOCKS = YES;
				GCC_OPTIMIZATION_LEVEL = 0;
				GCC_PREPROCESSOR_DEFINITIONS = (
					"DEBUG=1",
					"$(inherited)",
				);
				GCC_WARN_64_TO_32_BIT_CONVERSION = YES;
				GCC_WARN_ABOUT_RETURN_TYPE = YES_ERROR;
				GCC_WARN_UNDECLARED_SELECTOR = YES;
				GCC_WARN_UNINITIALIZED_AUTOS = YES_AGGRESSIVE;
				GCC_WARN_UNUSED_FUNCTION = YES;
				GCC_WARN_UNUSED_VARIABLE = YES;
				IPHONEOS_DEPLOYMENT_TARGET = 10.0;
				MTL_ENABLE_DEBUG_INFO = YES;
				ONLY_ACTIVE_ARCH = YES;
				SDKROOT = iphoneos;
				SWIFT_ACTIVE_COMPILATION_CONDITIONS = DEBUG;
				SWIFT_OPTIMIZATION_LEVEL = "-Onone";
			};
			name = Debug;
		};
		64E8DBF020EB553600F5B9BA /* Release */ = {
			isa = XCBuildConfiguration;
			buildSettings = {
				ALWAYS_SEARCH_USER_PATHS = NO;
				CLANG_ANALYZER_NONNULL = YES;
				CLANG_ANALYZER_NUMBER_OBJECT_CONVERSION = YES_AGGRESSIVE;
				CLANG_CXX_LANGUAGE_STANDARD = "gnu++14";
				CLANG_CXX_LIBRARY = "libc++";
				CLANG_ENABLE_MODULES = YES;
				CLANG_ENABLE_OBJC_ARC = YES;
				CLANG_ENABLE_OBJC_WEAK = YES;
				CLANG_WARN_BLOCK_CAPTURE_AUTORELEASING = YES;
				CLANG_WARN_BOOL_CONVERSION = YES;
				CLANG_WARN_COMMA = YES;
				CLANG_WARN_CONSTANT_CONVERSION = YES;
				CLANG_WARN_DEPRECATED_OBJC_IMPLEMENTATIONS = YES;
				CLANG_WARN_DIRECT_OBJC_ISA_USAGE = YES_ERROR;
				CLANG_WARN_DOCUMENTATION_COMMENTS = YES;
				CLANG_WARN_EMPTY_BODY = YES;
				CLANG_WARN_ENUM_CONVERSION = YES;
				CLANG_WARN_INFINITE_RECURSION = YES;
				CLANG_WARN_INT_CONVERSION = YES;
				CLANG_WARN_NON_LITERAL_NULL_CONVERSION = YES;
				CLANG_WARN_OBJC_IMPLICIT_RETAIN_SELF = YES;
				CLANG_WARN_OBJC_LITERAL_CONVERSION = YES;
				CLANG_WARN_OBJC_ROOT_CLASS = YES_ERROR;
				CLANG_WARN_RANGE_LOOP_ANALYSIS = YES;
				CLANG_WARN_STRICT_PROTOTYPES = YES;
				CLANG_WARN_SUSPICIOUS_MOVE = YES;
				CLANG_WARN_UNGUARDED_AVAILABILITY = YES_AGGRESSIVE;
				CLANG_WARN_UNREACHABLE_CODE = YES;
				CLANG_WARN__DUPLICATE_METHOD_MATCH = YES;
				CODE_SIGN_IDENTITY = "iPhone Developer";
				COPY_PHASE_STRIP = NO;
				DEBUG_INFORMATION_FORMAT = "dwarf-with-dsym";
				ENABLE_NS_ASSERTIONS = NO;
				ENABLE_STRICT_OBJC_MSGSEND = YES;
				GCC_C_LANGUAGE_STANDARD = gnu11;
				GCC_NO_COMMON_BLOCKS = YES;
				GCC_WARN_64_TO_32_BIT_CONVERSION = YES;
				GCC_WARN_ABOUT_RETURN_TYPE = YES_ERROR;
				GCC_WARN_UNDECLARED_SELECTOR = YES;
				GCC_WARN_UNINITIALIZED_AUTOS = YES_AGGRESSIVE;
				GCC_WARN_UNUSED_FUNCTION = YES;
				GCC_WARN_UNUSED_VARIABLE = YES;
				IPHONEOS_DEPLOYMENT_TARGET = 10.0;
				MTL_ENABLE_DEBUG_INFO = NO;
				SDKROOT = iphoneos;
				SWIFT_COMPILATION_MODE = wholemodule;
				SWIFT_OPTIMIZATION_LEVEL = "-O";
				VALIDATE_PRODUCT = YES;
			};
			name = Release;
		};
		64E8DBF220EB553600F5B9BA /* Debug */ = {
			isa = XCBuildConfiguration;
			buildSettings = {
				ASSETCATALOG_COMPILER_APPICON_NAME = AppIcon;
				CODE_SIGN_STYLE = Automatic;
				DEVELOPMENT_TEAM = MC2EZ69P4V;
				INFOPLIST_FILE = CoreMLSample/Info.plist;
				IPHONEOS_DEPLOYMENT_TARGET = 10.0;
				LD_RUNPATH_SEARCH_PATHS = (
					"$(inherited)",
					"@executable_path/Frameworks",
				);
				PRODUCT_BUNDLE_IDENTIFIER = com.hacarus.CoreMLSample;
				PRODUCT_NAME = "$(TARGET_NAME)";
				SWIFT_VERSION = 4.0;
				TARGETED_DEVICE_FAMILY = 1;
			};
			name = Debug;
		};
		64E8DBF320EB553600F5B9BA /* Release */ = {
			isa = XCBuildConfiguration;
			buildSettings = {
				ASSETCATALOG_COMPILER_APPICON_NAME = AppIcon;
				CODE_SIGN_STYLE = Automatic;
				DEVELOPMENT_TEAM = MC2EZ69P4V;
				INFOPLIST_FILE = CoreMLSample/Info.plist;
				IPHONEOS_DEPLOYMENT_TARGET = 10.0;
				LD_RUNPATH_SEARCH_PATHS = (
					"$(inherited)",
					"@executable_path/Frameworks",
				);
				PRODUCT_BUNDLE_IDENTIFIER = com.hacarus.CoreMLSample;
				PRODUCT_NAME = "$(TARGET_NAME)";
				SWIFT_VERSION = 4.0;
				TARGETED_DEVICE_FAMILY = 1;
			};
			name = Release;
		};
		64E8DBF520EB553600F5B9BA /* Debug */ = {
			isa = XCBuildConfiguration;
			buildSettings = {
				ALWAYS_EMBED_SWIFT_STANDARD_LIBRARIES = YES;
				BUNDLE_LOADER = "$(TEST_HOST)";
				CODE_SIGN_STYLE = Automatic;
				DEVELOPMENT_TEAM = MC2EZ69P4V;
				INFOPLIST_FILE = CoreMLSampleTests/Info.plist;
				LD_RUNPATH_SEARCH_PATHS = (
					"$(inherited)",
					"@executable_path/Frameworks",
					"@loader_path/Frameworks",
				);
				PRODUCT_BUNDLE_IDENTIFIER = com.hacarus.CoreMLSampleTests;
				PRODUCT_NAME = "$(TARGET_NAME)";
				SWIFT_VERSION = 4.0;
				TARGETED_DEVICE_FAMILY = "1,2";
				TEST_HOST = "$(BUILT_PRODUCTS_DIR)/CoreMLSample.app/CoreMLSample";
			};
			name = Debug;
		};
		64E8DBF620EB553600F5B9BA /* Release */ = {
			isa = XCBuildConfiguration;
			buildSettings = {
				ALWAYS_EMBED_SWIFT_STANDARD_LIBRARIES = YES;
				BUNDLE_LOADER = "$(TEST_HOST)";
				CODE_SIGN_STYLE = Automatic;
				DEVELOPMENT_TEAM = MC2EZ69P4V;
				INFOPLIST_FILE = CoreMLSampleTests/Info.plist;
				LD_RUNPATH_SEARCH_PATHS = (
					"$(inherited)",
					"@executable_path/Frameworks",
					"@loader_path/Frameworks",
				);
				PRODUCT_BUNDLE_IDENTIFIER = com.hacarus.CoreMLSampleTests;
				PRODUCT_NAME = "$(TARGET_NAME)";
				SWIFT_VERSION = 4.0;
				TARGETED_DEVICE_FAMILY = "1,2";
				TEST_HOST = "$(BUILT_PRODUCTS_DIR)/CoreMLSample.app/CoreMLSample";
			};
			name = Release;
		};
		64E8DBF820EB553600F5B9BA /* Debug */ = {
			isa = XCBuildConfiguration;
			buildSettings = {
				ALWAYS_EMBED_SWIFT_STANDARD_LIBRARIES = YES;
				CODE_SIGN_STYLE = Automatic;
				DEVELOPMENT_TEAM = MC2EZ69P4V;
				INFOPLIST_FILE = CoreMLSampleUITests/Info.plist;
				LD_RUNPATH_SEARCH_PATHS = (
					"$(inherited)",
					"@executable_path/Frameworks",
					"@loader_path/Frameworks",
				);
				PRODUCT_BUNDLE_IDENTIFIER = com.hacarus.CoreMLSampleUITests;
				PRODUCT_NAME = "$(TARGET_NAME)";
				SWIFT_VERSION = 4.0;
				TARGETED_DEVICE_FAMILY = "1,2";
				TEST_TARGET_NAME = CoreMLSample;
			};
			name = Debug;
		};
		64E8DBF920EB553600F5B9BA /* Release */ = {
			isa = XCBuildConfiguration;
			buildSettings = {
				ALWAYS_EMBED_SWIFT_STANDARD_LIBRARIES = YES;
				CODE_SIGN_STYLE = Automatic;
				DEVELOPMENT_TEAM = MC2EZ69P4V;
				INFOPLIST_FILE = CoreMLSampleUITests/Info.plist;
				LD_RUNPATH_SEARCH_PATHS = (
					"$(inherited)",
					"@executable_path/Frameworks",
					"@loader_path/Frameworks",
				);
				PRODUCT_BUNDLE_IDENTIFIER = com.hacarus.CoreMLSampleUITests;
				PRODUCT_NAME = "$(TARGET_NAME)";
				SWIFT_VERSION = 4.0;
				TARGETED_DEVICE_FAMILY = "1,2";
				TEST_TARGET_NAME = CoreMLSample;
			};
			name = Release;
		};
/* End XCBuildConfiguration section */

/* Begin XCConfigurationList section */
		64E8DBC420EB553300F5B9BA /* Build configuration list for PBXProject "CoreMLSample" */ = {
			isa = XCConfigurationList;
			buildConfigurations = (
				64E8DBEF20EB553600F5B9BA /* Debug */,
				64E8DBF020EB553600F5B9BA /* Release */,
			);
			defaultConfigurationIsVisible = 0;
			defaultConfigurationName = Release;
		};
		64E8DBF120EB553600F5B9BA /* Build configuration list for PBXNativeTarget "CoreMLSample" */ = {
			isa = XCConfigurationList;
			buildConfigurations = (
				64E8DBF220EB553600F5B9BA /* Debug */,
				64E8DBF320EB553600F5B9BA /* Release */,
			);
			defaultConfigurationIsVisible = 0;
			defaultConfigurationName = Release;
		};
		64E8DBF420EB553600F5B9BA /* Build configuration list for PBXNativeTarget "CoreMLSampleTests" */ = {
			isa = XCConfigurationList;
			buildConfigurations = (
				64E8DBF520EB553600F5B9BA /* Debug */,
				64E8DBF620EB553600F5B9BA /* Release */,
			);
			defaultConfigurationIsVisible = 0;
			defaultConfigurationName = Release;
		};
		64E8DBF720EB553600F5B9BA /* Build configuration list for PBXNativeTarget "CoreMLSampleUITests" */ = {
			isa = XCConfigurationList;
			buildConfigurations = (
				64E8DBF820EB553600F5B9BA /* Debug */,
				64E8DBF920EB553600F5B9BA /* Release */,
			);
			defaultConfigurationIsVisible = 0;
			defaultConfigurationName = Release;
		};
/* End XCConfigurationList section */
	};
	rootObject = 64E8DBC120EB553300F5B9BA /* Project object */;
}
